{
  "lockfileVersion": 1,
  "configVersion": 1,
  "workspaces": {
    "": {
      "name": "team1-orchestrator",
      "devDependencies": {
        "@types/bun": "latest",
        "typescript": "^5",
      },
    },
    "agent-registry": {
      "name": "@orchestrator/agent-registry",
      "version": "0.1.0",
    },
    "orchestrator-api": {
      "name": "@orchestrator/api",
      "version": "0.1.0",
    },
    "packages/bus-client": {
      "name": "@team1/bus-client",
      "version": "0.1.0",
      "dependencies": {
        "@team1/contracts": "workspace:*",
        "redis": "^4.6.0",
        "uuid": "^9.0.0",
      },
      "devDependencies": {
        "@types/node": "^20.0.0",
        "@types/uuid": "^9.0.0",
        "typescript": "^5.0.0",
      },
    },
    "packages/contracts": {
      "name": "@team1/contracts",
      "version": "0.1.0",
    },
    "runtime": {
      "name": "@orchestrator/runtime",
      "version": "0.1.0",
      "dependencies": {
        "@team1/contracts": "workspace:*",
      },
    },
    "services/edit-coordinator": {
      "name": "@orchestrator/edit-coordinator",
      "version": "0.1.0",
      "dependencies": {
        "@team1/contracts": "workspace:*",
      },
    },
    "services/event-coordination": {
      "name": "@orchestrator/event-coordination",
      "version": "0.1.0",
      "dependencies": {
        "@team1/contracts": "workspace:*",
      },
    },
    "services/health-monitoring": {
      "name": "@orchestrator/health-monitoring",
      "version": "0.1.0",
      "dependencies": {
        "@team1/contracts": "workspace:*",
      },
    },
    "services/lifecycle-management": {
      "name": "@orchestrator/lifecycle-management",
      "version": "0.1.0",
      "dependencies": {
        "@team1/contracts": "workspace:*",
      },
    },
    "services/session-management": {
      "name": "@orchestrator/session-management",
      "version": "0.1.0",
      "dependencies": {
        "@team1/contracts": "workspace:*",
      },
    },
    "services/task-management": {
      "name": "@orchestrator/task-management",
      "version": "0.1.0",
      "dependencies": {
        "@team1/contracts": "workspace:*",
      },
    },
  },
  "packages": {
    "@orchestrator/agent-registry": ["@orchestrator/agent-registry@workspace:agent-registry"],

    "@orchestrator/api": ["@orchestrator/api@workspace:orchestrator-api"],

    "@orchestrator/edit-coordinator": ["@orchestrator/edit-coordinator@workspace:services/edit-coordinator"],

    "@orchestrator/event-coordination": ["@orchestrator/event-coordination@workspace:services/event-coordination"],

    "@orchestrator/health-monitoring": ["@orchestrator/health-monitoring@workspace:services/health-monitoring"],

    "@orchestrator/lifecycle-management": ["@orchestrator/lifecycle-management@workspace:services/lifecycle-management"],

    "@orchestrator/runtime": ["@orchestrator/runtime@workspace:runtime"],

    "@orchestrator/session-management": ["@orchestrator/session-management@workspace:services/session-management"],

    "@orchestrator/task-management": ["@orchestrator/task-management@workspace:services/task-management"],

    "@redis/bloom": ["@redis/bloom@1.2.0", "", { "peerDependencies": { "@redis/client": "^1.0.0" } }, "sha512-HG2DFjYKbpNmVXsa0keLHp/3leGJz1mjh09f2RLGGLQZzSHpkmZWuwJbAvo3QcRY8p80m5+ZdXZdYOSBLlp7Cg=="],

    "@redis/client": ["@redis/client@1.6.1", "", { "dependencies": { "cluster-key-slot": "1.1.2", "generic-pool": "3.9.0", "yallist": "4.0.0" } }, "sha512-/KCsg3xSlR+nCK8/8ZYSknYxvXHwubJrU82F3Lm1Fp6789VQ0/3RJKfsmRXjqfaTA++23CvC3hqmqe/2GEt6Kw=="],

    "@redis/graph": ["@redis/graph@1.1.1", "", { "peerDependencies": { "@redis/client": "^1.0.0" } }, "sha512-FEMTcTHZozZciLRl6GiiIB4zGm5z5F3F6a6FZCyrfxdKOhFlGkiAqlexWMBzCi4DcRoyiOsuLfW+cjlGWyExOw=="],

    "@redis/json": ["@redis/json@1.0.7", "", { "peerDependencies": { "@redis/client": "^1.0.0" } }, "sha512-6UyXfjVaTBTJtKNG4/9Z8PSpKE6XgSyEb8iwaqDcy+uKrd/DGYHTWkUdnQDyzm727V7p21WUMhsqz5oy65kPcQ=="],

    "@redis/search": ["@redis/search@1.2.0", "", { "peerDependencies": { "@redis/client": "^1.0.0" } }, "sha512-tYoDBbtqOVigEDMAcTGsRlMycIIjwMCgD8eR2t0NANeQmgK/lvxNAvYyb6bZDD4frHRhIHkJu2TBRvB0ERkOmw=="],

    "@redis/time-series": ["@redis/time-series@1.1.0", "", { "peerDependencies": { "@redis/client": "^1.0.0" } }, "sha512-c1Q99M5ljsIuc4YdaCwfUEXsofakb9c8+Zse2qxTadu8TalLXuAESzLvFAvNVbkmSlvlzIQOLpBCmWI9wTOt+g=="],

    "@team1/bus-client": ["@team1/bus-client@workspace:packages/bus-client"],

    "@team1/contracts": ["@team1/contracts@workspace:packages/contracts"],

    "@types/bun": ["@types/bun@1.3.14", "", { "dependencies": { "bun-types": "1.3.14" } }, "sha512-h1hFqFVcvAvD9j9K7ZW7vd82aSA+rTdznZa+5bwvCwqSB1jmmfLcbIWhOLx1/+boy/xmjgCs/OMUL8hRJSmnPw=="],

    "@types/node": ["@types/node@20.19.43", "", { "dependencies": { "undici-types": "~6.21.0" } }, "sha512-6oYBAi5ikg4Pl+kGsoYtawUMBT2zZMCvPNF7pVLnHZfd1zf38DRiWn/gT01RYCdUqkv7Fhr+C9ot4/tb+2sVvA=="],

    "@types/uuid": ["@types/uuid@9.0.8", "", {}, "sha512-jg+97EGIcY9AGHJJRaaPVgetKDsrTgbRjQ5Msgjh/DQKEFl0DtyRr/VCOyD1T2R1MNeWPK/u7JoGhlDZnKBAfA=="],

    "bun-types": ["bun-types@1.3.14", "", { "dependencies": { "@types/node": "*" } }, "sha512-4N0ig0fEomHt5R0KCFWjovxow98rIoRwKolrYdCcknNwMekCXRnWEUvgu5soYV8QXtVsrUD8B95MBOZGPvr6KQ=="],

    "cluster-key-slot": ["cluster-key-slot@1.1.2", "", {}, "sha512-RMr0FhtfXemyinomL4hrWcYJxmX6deFdCxpJzhDttxgO1+bcCnkk+9drydLVDmAMG7NE6aN/fl4F7ucU/90gAA=="],

    "generic-pool": ["generic-pool@3.9.0", "", {}, "sha512-hymDOu5B53XvN4QT9dBmZxPX4CWhBPPLguTZ9MMFeFa/Kg0xWVfylOVNlJji/E7yTZWFd/q9GO5TxDLq156D7g=="],

    "redis": ["redis@4.7.1", "", { "dependencies": { "@redis/bloom": "1.2.0", "@redis/client": "1.6.1", "@redis/graph": "1.1.1", "@redis/json": "1.0.7", "@redis/search": "1.2.0", "@redis/time-series": "1.1.0" } }, "sha512-S1bJDnqLftzHXHP8JsT5II/CtHWQrASX5K96REjWjlmWKrviSOLWmM7QnRLstAWsu1VBBV1ffV6DzCvxNP0UJQ=="],

    "typescript": ["typescript@5.9.3", "", { "bin": { "tsc": "bin/tsc", "tsserver": "bin/tsserver" } }, "sha512-jl1vZzPDinLr9eUt3J/t7V6FgNEw9QjvBPdysz9KfQDD41fQrC2Y4vKQdiaUpFT4bXlb1RHhLpp8wtm6M5TgSw=="],

    "undici-types": ["undici-types@6.21.0", "", {}, "sha512-iwDZqg0QAGrg9Rav5H4n0M64c3mkR59cJ6wQp+7C4nI0gsmExaedaYLNO44eT4AtBBwjbTiGPMlt2Md0T9H9JQ=="],

    "uuid": ["uuid@9.0.1", "", { "bin": { "uuid": "dist/bin/uuid" } }, "sha512-b+1eJOlsR9K8HJpow9Ok3fiWOWSIcIzXodvv0rQjVoOVNpWMpxf1wZNpt4y9h10odCNrqnYp1OBzRktckBe3sA=="],

    "yallist": ["yallist@4.0.0", "", {}, "sha512-3wdGidZyq5PB084XLES5TpOSRA3wjXAlIWMhum2kRcv/41Sn2emQ0dycQW4uZXLejwKvg6EsvbdlVL+FYEct7A=="],

    "bun-types/@types/node": ["@types/node@26.0.0", "", { "dependencies": { "undici-types": "~8.3.0" } }, "sha512-vf2YFi1iY9lHGwNJMs01biZFbKJkrZR1T6/MlzjhJLPdntOHLhTrDSnSVcdtvjihi4VQNlrFRIxLsDBlQpAipA=="],

    "bun-types/@types/node/undici-types": ["undici-types@8.3.0", "", {}, "sha512-j375ScV60dom+YkPFIfTLcOiPxkN/buHz5GobjLhixFuANaNs3C9l4GmrWqejgXWJ7BbJcFYpTEUkS1Ge8bpZQ=="],
  }
}
